
Microsoft Visual Studio Solution File, Format Version 12.00
# Visual Studio Version 17
VisualStudioVersion = 17.9.34701.34
MinimumVisualStudioVersion = 10.0.40219.1
Project("{FAE04EC0-301F-11D3-BF4B-00C04F79EFBC}") = "MVCControllers", "MVCControllers\MVCControllers.csproj", "{138C7C7A-8A73-4B35-AD33-860E144DAD47}"
EndProject
Project("{FAE04EC0-301F-11D3-BF4B-00C04F79EFBC}") = "MVCViewProgramming", "MVCViewProgramming\MVCViewProgramming.csproj", "{0C0BB5A1-C0C0-42FA-899D-CC90BD7213A3}"
EndProject
Project("{FAE04EC0-301F-11D3-BF4B-00C04F79EFBC}") = "MVCDataSharing", "MVCDataSharing\MVCDataSharing.csproj", "{2834B1D4-66E7-4724-886E-E7F9485DBB8D}"
EndProject
Global
	GlobalSection(SolutionConfigurationPlatforms) = preSolution
		Debug|Any CPU = Debug|Any CPU
		Release|Any CPU = Release|Any CPU
	EndGlobalSection
	GlobalSection(ProjectConfigurationPlatforms) = postSolution
		{138C7C7A-8A73-4B35-AD33-860E144DAD47}.Debug|Any CPU.ActiveCfg = Debug|Any CPU
		{138C7C7A-8A73-4B35-AD33-860E144DAD47}.Debug|Any CPU.Build.0 = Debug|Any CPU
		{138C7C7A-8A73-4B35-AD33-860E144DAD47}.Release|Any CPU.ActiveCfg = Release|Any CPU
		{138C7C7A-8A73-4B35-AD33-860E144DAD47}.Release|Any CPU.Build.0 = Release|Any CPU
		{0C0BB5A1-C0C0-42FA-899D-CC90BD7213A3}.Debug|Any CPU.ActiveCfg = Debug|Any CPU
		{0C0BB5A1-C0C0-42FA-899D-CC90BD7213A3}.Debug|Any CPU.Build.0 = Debug|Any CPU
		{0C0BB5A1-C0C0-42FA-899D-CC90BD7213A3}.Release|Any CPU.ActiveCfg = Release|Any CPU
		{0C0BB5A1-C0C0-42FA-899D-CC90BD7213A3}.Release|Any CPU.Build.0 = Release|Any CPU
		{2834B1D4-66E7-4724-886E-E7F9485DBB8D}.Debug|Any CPU.ActiveCfg = Debug|Any CPU
		{2834B1D4-66E7-4724-886E-E7F9485DBB8D}.Debug|Any CPU.Build.0 = Debug|Any CPU
		{2834B1D4-66E7-4724-886E-E7F9485DBB8D}.Release|Any CPU.ActiveCfg = Release|Any CPU
		{2834B1D4-66E7-4724-886E-E7F9485DBB8D}.Release|Any CPU.Build.0 = Release|Any CPU
	EndGlobalSection
	GlobalSection(SolutionProperties) = preSolution
		HideSolutionNode = FALSE
	EndGlobalSection
	GlobalSection(ExtensibilityGlobals) = postSolution
		SolutionGuid = {3C88A9ED-767A-4C4C-A3A5-681A8AE19D29}
	EndGlobalSection
EndGlobal
